
Microsoft Visual Studio Solution File, Format Version 12.00
# Visual Studio Version 17
VisualStudioVersion = 17.1.32414.318
MinimumVisualStudioVersion = 10.0.40219.1
Project("{FAE04EC0-301F-11D3-BF4B-00C04F79EFBC}") = "RVezyTest", "RVezyTest\RVezyTest.csproj", "{60E1095B-A158-4E98-BC27-4364C95EBEDD}"
EndProject
Global
	GlobalSection(SolutionConfigurationPlatforms) = preSolution
		Debug|Any CPU = Debug|Any CPU
		Release|Any CPU = Release|Any CPU
	EndGlobalSection
	GlobalSection(ProjectConfigurationPlatforms) = postSolution
		{60E1095B-A158-4E98-BC27-4364C95EBEDD}.Debug|Any CPU.ActiveCfg = Debug|Any CPU
		{60E1095B-A158-4E98-BC27-4364C95EBEDD}.Debug|Any CPU.Build.0 = Debug|Any CPU
		{60E1095B-A158-4E98-BC27-4364C95EBEDD}.Release|Any CPU.ActiveCfg = Release|Any CPU
		{60E1095B-A158-4E98-BC27-4364C95EBEDD}.Release|Any CPU.Build.0 = Release|Any CPU
	EndGlobalSection
	GlobalSection(SolutionProperties) = preSolution
		HideSolutionNode = FALSE
	EndGlobalSection
	GlobalSection(ExtensibilityGlobals) = postSolution
		SolutionGuid = {E3904A7E-1FD5-44A3-8B92-7CD0EB49F570}
	EndGlobalSection
EndGlobal
